
Microsoft Visual Studio Solution File, Format Version 12.00
# Visual Studio Version 17
VisualStudioVersion = 17.7.34031.279
MinimumVisualStudioVersion = 10.0.40219.1
Project("{FAE04EC0-301F-11D3-BF4B-00C04F79EFBC}") = "LearninManagmentSystem", "LearninManagmentSystem\LearninManagmentSystem.csproj", "{3C49BC5C-88AD-4054-BB57-CD246315FE80}"
EndProject
Global
	GlobalSection(SolutionConfigurationPlatforms) = preSolution
		Debug|Any CPU = Debug|Any CPU
		Release|Any CPU = Release|Any CPU
	EndGlobalSection
	GlobalSection(ProjectConfigurationPlatforms) = postSolution
		{3C49BC5C-88AD-4054-BB57-CD246315FE80}.Debug|Any CPU.ActiveCfg = Debug|Any CPU
		{3C49BC5C-88AD-4054-BB57-CD246315FE80}.Debug|Any CPU.Build.0 = Debug|Any CPU
		{3C49BC5C-88AD-4054-BB57-CD246315FE80}.Debug|Any CPU.Deploy.0 = Debug|Any CPU
		{3C49BC5C-88AD-4054-BB57-CD246315FE80}.Release|Any CPU.ActiveCfg = Release|Any CPU
		{3C49BC5C-88AD-4054-BB57-CD246315FE80}.Release|Any CPU.Build.0 = Release|Any CPU
		{3C49BC5C-88AD-4054-BB57-CD246315FE80}.Release|Any CPU.Deploy.0 = Release|Any CPU
	EndGlobalSection
	GlobalSection(SolutionProperties) = preSolution
		HideSolutionNode = FALSE
	EndGlobalSection
	GlobalSection(ExtensibilityGlobals) = postSolution
		SolutionGuid = {F7E9A4C3-5ABE-406F-9CE9-58A038796DD6}
	EndGlobalSection
EndGlobal
